
Microsoft Visual Studio Solution File, Format Version 12.00
# Visual Studio Version 16
VisualStudioVersion = 16.0.30503.244
MinimumVisualStudioVersion = 10.0.40219.1
Project("{FAE04EC0-301F-11D3-BF4B-00C04F79EFBC}") = "EmployeeWage", "EmployeeWage\EmployeeWage.csproj", "{0E077643-6CE5-4599-8B9E-CD299E00678A}"
EndProject
Global
	GlobalSection(SolutionConfigurationPlatforms) = preSolution
		Debug|Any CPU = Debug|Any CPU
		Release|Any CPU = Release|Any CPU
	EndGlobalSection
	GlobalSection(ProjectConfigurationPlatforms) = postSolution
		{0E077643-6CE5-4599-8B9E-CD299E00678A}.Debug|Any CPU.ActiveCfg = Debug|Any CPU
		{0E077643-6CE5-4599-8B9E-CD299E00678A}.Debug|Any CPU.Build.0 = Debug|Any CPU
		{0E077643-6CE5-4599-8B9E-CD299E00678A}.Release|Any CPU.ActiveCfg = Release|Any CPU
		{0E077643-6CE5-4599-8B9E-CD299E00678A}.Release|Any CPU.Build.0 = Release|Any CPU
	EndGlobalSection
	GlobalSection(SolutionProperties) = preSolution
		HideSolutionNode = FALSE
	EndGlobalSection
	GlobalSection(ExtensibilityGlobals) = postSolution
		SolutionGuid = {099B4DDA-181B-4DA7-A9AB-C7C16AA03546}
	EndGlobalSection
EndGlobal
